
Microsoft Visual Studio Solution File, Format Version 12.00
# Visual Studio Version 17
VisualStudioVersion = 17.9.34902.65
MinimumVisualStudioVersion = 10.0.40219.1
Project("{FAE04EC0-301F-11D3-BF4B-00C04F79EFBC}") = "ActividadPractica2", "ActividadPractica2.csproj", "{BB047C9C-B4FF-4DF1-8859-8A7CAF01B19D}"
EndProject
Global
	GlobalSection(SolutionConfigurationPlatforms) = preSolution
		Debug|Any CPU = Debug|Any CPU
		Release|Any CPU = Release|Any CPU
	EndGlobalSection
	GlobalSection(ProjectConfigurationPlatforms) = postSolution
		{BB047C9C-B4FF-4DF1-8859-8A7CAF01B19D}.Debug|Any CPU.ActiveCfg = Debug|Any CPU
		{BB047C9C-B4FF-4DF1-8859-8A7CAF01B19D}.Debug|Any CPU.Build.0 = Debug|Any CPU
		{BB047C9C-B4FF-4DF1-8859-8A7CAF01B19D}.Release|Any CPU.ActiveCfg = Release|Any CPU
		{BB047C9C-B4FF-4DF1-8859-8A7CAF01B19D}.Release|Any CPU.Build.0 = Release|Any CPU
	EndGlobalSection
	GlobalSection(SolutionProperties) = preSolution
		HideSolutionNode = FALSE
	EndGlobalSection
	GlobalSection(ExtensibilityGlobals) = postSolution
		SolutionGuid = {226F3330-C3EE-405C-9C1D-7F412E632E16}
	EndGlobalSection
EndGlobal
